
Microsoft Visual Studio Solution File, Format Version 12.00
# Visual Studio Version 17
VisualStudioVersion = 17.9.34616.47
MinimumVisualStudioVersion = 10.0.40219.1
Project("{2150E333-8FDC-42A3-9474-1A3956D46DE8}") = "UI", "UI", "{39F36A7E-A7D4-42DC-BCE9-9E68264096ED}"
EndProject
Project("{9A19103F-16F7-4668-BE54-9A1E7A4F7556}") = "Edam.UI", "UI\Edam.UI\Edam.UI.csproj", "{1F376911-F218-4B34-AEC0-A19C3762B227}"
EndProject
Project("{9A19103F-16F7-4668-BE54-9A1E7A4F7556}") = "Edam.UI.DataModel", "UI\Edam.UI.DataModel\Edam.UI.DataModel.csproj", "{07EB8870-9F77-4193-A89E-A5C396C7C6CD}"
EndProject
Project("{9A19103F-16F7-4668-BE54-9A1E7A4F7556}") = "Edam.WinUI.Controls", "UI\Edam.Xaml\Edam.WinUI.Controls\Edam.WinUI.Controls.csproj", "{64BC2524-61B7-4DD9-9704-F52127BDBC2D}"
EndProject
Project("{9A19103F-16F7-4668-BE54-9A1E7A4F7556}") = "Edam.Studio", "Edam.Studio\Edam.Studio.csproj", "{04AFA450-1B1A-496F-8A59-0D074A4E3363}"
EndProject
Global
	GlobalSection(SolutionConfigurationPlatforms) = preSolution
		Debug|Any CPU = Debug|Any CPU
		Debug|ARM64 = Debug|ARM64
		Debug|x64 = Debug|x64
		Debug|x86 = Debug|x86
		Release|Any CPU = Release|Any CPU
		Release|ARM64 = Release|ARM64
		Release|x64 = Release|x64
		Release|x86 = Release|x86
	EndGlobalSection
	GlobalSection(ProjectConfigurationPlatforms) = postSolution
		{1F376911-F218-4B34-AEC0-A19C3762B227}.Debug|Any CPU.ActiveCfg = Debug|Any CPU
		{1F376911-F218-4B34-AEC0-A19C3762B227}.Debug|Any CPU.Build.0 = Debug|Any CPU
		{1F376911-F218-4B34-AEC0-A19C3762B227}.Debug|ARM64.ActiveCfg = Debug|Any CPU
		{1F376911-F218-4B34-AEC0-A19C3762B227}.Debug|ARM64.Build.0 = Debug|Any CPU
		{1F376911-F218-4B34-AEC0-A19C3762B227}.Debug|x64.ActiveCfg = Debug|Any CPU
		{1F376911-F218-4B34-AEC0-A19C3762B227}.Debug|x64.Build.0 = Debug|Any CPU
		{1F376911-F218-4B34-AEC0-A19C3762B227}.Debug|x86.ActiveCfg = Debug|Any CPU
		{1F376911-F218-4B34-AEC0-A19C3762B227}.Debug|x86.Build.0 = Debug|Any CPU
		{1F376911-F218-4B34-AEC0-A19C3762B227}.Release|Any CPU.ActiveCfg = Release|Any CPU
		{1F376911-F218-4B34-AEC0-A19C3762B227}.Release|Any CPU.Build.0 = Release|Any CPU
		{1F376911-F218-4B34-AEC0-A19C3762B227}.Release|ARM64.ActiveCfg = Release|Any CPU
		{1F376911-F218-4B34-AEC0-A19C3762B227}.Release|ARM64.Build.0 = Release|Any CPU
		{1F376911-F218-4B34-AEC0-A19C3762B227}.Release|x64.ActiveCfg = Release|Any CPU
		{1F376911-F218-4B34-AEC0-A19C3762B227}.Release|x64.Build.0 = Release|Any CPU
		{1F376911-F218-4B34-AEC0-A19C3762B227}.Release|x86.ActiveCfg = Release|Any CPU
		{1F376911-F218-4B34-AEC0-A19C3762B227}.Release|x86.Build.0 = Release|Any CPU
		{07EB8870-9F77-4193-A89E-A5C396C7C6CD}.Debug|Any CPU.ActiveCfg = Debug|Any CPU
		{07EB8870-9F77-4193-A89E-A5C396C7C6CD}.Debug|Any CPU.Build.0 = Debug|Any CPU
		{07EB8870-9F77-4193-A89E-A5C396C7C6CD}.Debug|ARM64.ActiveCfg = Debug|Any CPU
		{07EB8870-9F77-4193-A89E-A5C396C7C6CD}.Debug|ARM64.Build.0 = Debug|Any CPU
		{07EB8870-9F77-4193-A89E-A5C396C7C6CD}.Debug|x64.ActiveCfg = Debug|Any CPU
		{07EB8870-9F77-4193-A89E-A5C396C7C6CD}.Debug|x64.Build.0 = Debug|Any CPU
		{07EB8870-9F77-4193-A89E-A5C396C7C6CD}.Debug|x86.ActiveCfg = Debug|Any CPU
		{07EB8870-9F77-4193-A89E-A5C396C7C6CD}.Debug|x86.Build.0 = Debug|Any CPU
		{07EB8870-9F77-4193-A89E-A5C396C7C6CD}.Release|Any CPU.ActiveCfg = Release|Any CPU
		{07EB8870-9F77-4193-A89E-A5C396C7C6CD}.Release|Any CPU.Build.0 = Release|Any CPU
		{07EB8870-9F77-4193-A89E-A5C396C7C6CD}.Release|ARM64.ActiveCfg = Release|Any CPU
		{07EB8870-9F77-4193-A89E-A5C396C7C6CD}.Release|ARM64.Build.0 = Release|Any CPU
		{07EB8870-9F77-4193-A89E-A5C396C7C6CD}.Release|x64.ActiveCfg = Release|Any CPU
		{07EB8870-9F77-4193-A89E-A5C396C7C6CD}.Release|x64.Build.0 = Release|Any CPU
		{07EB8870-9F77-4193-A89E-A5C396C7C6CD}.Release|x86.ActiveCfg = Release|Any CPU
		{07EB8870-9F77-4193-A89E-A5C396C7C6CD}.Release|x86.Build.0 = Release|Any CPU
		{64BC2524-61B7-4DD9-9704-F52127BDBC2D}.Debug|Any CPU.ActiveCfg = Debug|Any CPU
		{64BC2524-61B7-4DD9-9704-F52127BDBC2D}.Debug|Any CPU.Build.0 = Debug|Any CPU
		{64BC2524-61B7-4DD9-9704-F52127BDBC2D}.Debug|ARM64.ActiveCfg = Debug|Any CPU
		{64BC2524-61B7-4DD9-9704-F52127BDBC2D}.Debug|ARM64.Build.0 = Debug|Any CPU
		{64BC2524-61B7-4DD9-9704-F52127BDBC2D}.Debug|x64.ActiveCfg = Debug|Any CPU
		{64BC2524-61B7-4DD9-9704-F52127BDBC2D}.Debug|x64.Build.0 = Debug|Any CPU
		{64BC2524-61B7-4DD9-9704-F52127BDBC2D}.Debug|x86.ActiveCfg = Debug|Any CPU
		{64BC2524-61B7-4DD9-9704-F52127BDBC2D}.Debug|x86.Build.0 = Debug|Any CPU
		{64BC2524-61B7-4DD9-9704-F52127BDBC2D}.Release|Any CPU.ActiveCfg = Release|Any CPU
		{64BC2524-61B7-4DD9-9704-F52127BDBC2D}.Release|Any CPU.Build.0 = Release|Any CPU
		{64BC2524-61B7-4DD9-9704-F52127BDBC2D}.Release|ARM64.ActiveCfg = Release|Any CPU
		{64BC2524-61B7-4DD9-9704-F52127BDBC2D}.Release|ARM64.Build.0 = Release|Any CPU
		{64BC2524-61B7-4DD9-9704-F52127BDBC2D}.Release|x64.ActiveCfg = Release|Any CPU
		{64BC2524-61B7-4DD9-9704-F52127BDBC2D}.Release|x64.Build.0 = Release|Any CPU
		{64BC2524-61B7-4DD9-9704-F52127BDBC2D}.Release|x86.ActiveCfg = Release|Any CPU
		{64BC2524-61B7-4DD9-9704-F52127BDBC2D}.Release|x86.Build.0 = Release|Any CPU
		{04AFA450-1B1A-496F-8A59-0D074A4E3363}.Debug|Any CPU.ActiveCfg = Debug|x64
		{04AFA450-1B1A-496F-8A59-0D074A4E3363}.Debug|Any CPU.Build.0 = Debug|x64
		{04AFA450-1B1A-496F-8A59-0D074A4E3363}.Debug|Any CPU.Deploy.0 = Debug|x64
		{04AFA450-1B1A-496F-8A59-0D074A4E3363}.Debug|ARM64.ActiveCfg = Debug|ARM64
		{04AFA450-1B1A-496F-8A59-0D074A4E3363}.Debug|ARM64.Build.0 = Debug|ARM64
		{04AFA450-1B1A-496F-8A59-0D074A4E3363}.Debug|ARM64.Deploy.0 = Debug|ARM64
		{04AFA450-1B1A-496F-8A59-0D074A4E3363}.Debug|x64.ActiveCfg = Debug|x64
		{04AFA450-1B1A-496F-8A59-0D074A4E3363}.Debug|x64.Build.0 = Debug|x64
		{04AFA450-1B1A-496F-8A59-0D074A4E3363}.Debug|x64.Deploy.0 = Debug|x64
		{04AFA450-1B1A-496F-8A59-0D074A4E3363}.Debug|x86.ActiveCfg = Debug|x86
		{04AFA450-1B1A-496F-8A59-0D074A4E3363}.Debug|x86.Build.0 = Debug|x86
		{04AFA450-1B1A-496F-8A59-0D074A4E3363}.Debug|x86.Deploy.0 = Debug|x86
		{04AFA450-1B1A-496F-8A59-0D074A4E3363}.Release|Any CPU.ActiveCfg = Release|x64
		{04AFA450-1B1A-496F-8A59-0D074A4E3363}.Release|Any CPU.Build.0 = Release|x64
		{04AFA450-1B1A-496F-8A59-0D074A4E3363}.Release|Any CPU.Deploy.0 = Release|x64
		{04AFA450-1B1A-496F-8A59-0D074A4E3363}.Release|ARM64.ActiveCfg = Release|ARM64
		{04AFA450-1B1A-496F-8A59-0D074A4E3363}.Release|ARM64.Build.0 = Release|ARM64
		{04AFA450-1B1A-496F-8A59-0D074A4E3363}.Release|ARM64.Deploy.0 = Release|ARM64
		{04AFA450-1B1A-496F-8A59-0D074A4E3363}.Release|x64.ActiveCfg = Release|x64
		{04AFA450-1B1A-496F-8A59-0D074A4E3363}.Release|x64.Build.0 = Release|x64
		{04AFA450-1B1A-496F-8A59-0D074A4E3363}.Release|x64.Deploy.0 = Release|x64
		{04AFA450-1B1A-496F-8A59-0D074A4E3363}.Release|x86.ActiveCfg = Release|x86
		{04AFA450-1B1A-496F-8A59-0D074A4E3363}.Release|x86.Build.0 = Release|x86
		{04AFA450-1B1A-496F-8A59-0D074A4E3363}.Release|x86.Deploy.0 = Release|x86
	EndGlobalSection
	GlobalSection(SolutionProperties) = preSolution
		HideSolutionNode = FALSE
	EndGlobalSection
	GlobalSection(NestedProjects) = preSolution
		{1F376911-F218-4B34-AEC0-A19C3762B227} = {39F36A7E-A7D4-42DC-BCE9-9E68264096ED}
		{07EB8870-9F77-4193-A89E-A5C396C7C6CD} = {39F36A7E-A7D4-42DC-BCE9-9E68264096ED}
		{64BC2524-61B7-4DD9-9704-F52127BDBC2D} = {39F36A7E-A7D4-42DC-BCE9-9E68264096ED}
	EndGlobalSection
	GlobalSection(ExtensibilityGlobals) = postSolution
		SolutionGuid = {428541AF-22CF-4221-A683-0002368FBEC4}
	EndGlobalSection
EndGlobal
